{
  "version": 4,
  "terraform_version": "1.5.7",
  "serial": 5,
  "lineage": "c5f764b6-5db0-0d43-a8bc-df41d8037f1a",
  "outputs": {
    "frontend_url": {
      "value": "issue-tracker-frontend-pzuq75a4j-yasindu20s-projects.vercel.app",
      "type": "string"
    }
  },
  "resources": [
    {
      "mode": "managed",
      "type": "mongodbatlas_cluster",
      "name": "free_cluster",
      "provider": "provider[\"registry.terraform.io/mongodb/mongodbatlas\"]",
      "instances": []
    },
    {
      "mode": "managed",
      "type": "railway_environment",
      "name": "production",
      "provider": "provider[\"registry.terraform.io/terraform-community-providers/railway\"]",
      "instances": []
    },
    {
      "mode": "managed",
      "type": "railway_service",
      "name": "backend",
      "provider": "provider[\"registry.terraform.io/terraform-community-providers/railway\"]",
      "instances": []
    },
    {
      "mode": "managed",
      "type": "railway_service_domain",
      "name": "backend",
      "provider": "provider[\"registry.terraform.io/terraform-community-providers/railway\"]",
      "instances": []
    },
    {
      "mode": "managed",
      "type": "railway_variable",
      "name": "jwt_secret",
      "provider": "provider[\"registry.terraform.io/terraform-community-providers/railway\"]",
      "instances": []
    },
    {
      "mode": "managed",
      "type": "railway_variable",
      "name": "mongodb_url",
      "provider": "provider[\"registry.terraform.io/terraform-community-providers/railway\"]",
      "instances": []
    },
    {
      "mode": "managed",
      "type": "railway_variable",
      "name": "node_env",
      "provider": "provider[\"registry.terraform.io/terraform-community-providers/railway\"]",
      "instances": []
    },
    {
      "mode": "managed",
      "type": "railway_variable",
      "name": "port",
      "provider": "provider[\"registry.terraform.io/terraform-community-providers/railway\"]",
      "instances": []
    },
    {
      "mode": "managed",
      "type": "vercel_deployment",
      "name": "frontend_prod",
      "provider": "provider[\"registry.terraform.io/vercel/vercel\"]",
      "instances": [
        {
          "schema_version": 0,
          "attributes": {
            "delete_on_destroy": null,
            "domains": [
              "issue-tracker-frontend-eight.vercel.app",
              "issue-tracker-frontend-yasindu20s-projects.vercel.app",
              "issue-tracker-frontend-git-main-yasindu20s-projects.vercel.app"
            ],
            "environment": null,
            "files": null,
            "id": "dpl_78Zsp1jGZxXwLJsGFvFHd86snkxx",
            "path_prefix": null,
            "production": true,
            "project_id": "prj_gHiloCgAI4CfCjbKkhCSghOcxwGi",
            "project_settings": null,
            "ref": "main",
            "team_id": null,
            "url": "issue-tracker-frontend-pzuq75a4j-yasindu20s-projects.vercel.app"
          },
          "sensitive_attributes": [],
          "dependencies": [
            "vercel_project.frontend"
          ]
        }
      ]
    },
    {
      "mode": "managed",
      "type": "vercel_project",
      "name": "frontend",
      "provider": "provider[\"registry.terraform.io/vercel/vercel\"]",
      "instances": [
        {
          "schema_version": 0,
          "attributes": {
            "auto_assign_custom_domains": true,
            "automatically_expose_system_environment_variables": false,
            "build_command": null,
            "customer_success_code_visibility": false,
            "dev_command": null,
            "directory_listing": false,
            "enable_affected_projects_deployments": null,
            "environment": null,
            "framework": "create-react-app",
            "function_failover": false,
            "git_comments": null,
            "git_fork_protection": true,
            "git_lfs": false,
            "git_repository": {
              "deploy_hooks": null,
              "production_branch": "main",
              "repo": "Yasindu20/Issue_Tracker",
              "type": "github"
            },
            "id": "prj_gHiloCgAI4CfCjbKkhCSghOcxwGi",
            "ignore_command": null,
            "install_command": null,
            "name": "issue-tracker-frontend",
            "node_version": "22.x",
            "oidc_token_config": {
              "enabled": false,
              "issuer_mode": "global"
            },
            "options_allowlist": null,
            "output_directory": null,
            "password_protection": null,
            "preview_comments": null,
            "prioritise_production_builds": false,
            "protection_bypass_for_automation": null,
            "protection_bypass_for_automation_secret": null,
            "public_source": null,
            "resource_config": {
              "fluid": true,
              "function_default_cpu_type": null,
              "function_default_timeout": null
            },
            "root_directory": "frontend",
            "serverless_function_region": "iad1",
            "skew_protection": null,
            "team_id": null,
            "trusted_ips": null,
            "vercel_authentication": {
              "deployment_type": "standard_protection"
            }
          },
          "sensitive_attributes": []
        }
      ]
    },
    {
      "mode": "managed",
      "type": "vercel_project_environment_variable",
      "name": "api_url",
      "provider": "provider[\"registry.terraform.io/vercel/vercel\"]",
      "instances": []
    }
  ],
  "check_results": null
}
