{
  "version": 4,
  "terraform_version": "1.5.7",
  "serial": 17,
  "lineage": "c5f764b6-5db0-0d43-a8bc-df41d8037f1a",
  "outputs": {
    "frontend_url": {
      "value": "issue-tracker-frontend-pzuq75a4j-yasindu20s-projects.vercel.app",
      "type": "string"
    }
  },
  "resources": [
    {
      "mode": "managed",
      "type": "aws_internet_gateway",
      "name": "main",
      "provider": "provider[\"registry.terraform.io/hashicorp/aws\"]",
      "instances": [
        {
          "schema_version": 0,
          "attributes": {
            "arn": "arn:aws:ec2:us-east-1:053678525731:internet-gateway/igw-04af5cdc1bf3f644c",
            "id": "igw-04af5cdc1bf3f644c",
            "owner_id": "053678525731",
            "tags": {
              "Name": "issue_tracker_igw"
            },
            "tags_all": {
              "Name": "issue_tracker_igw"
            },
            "timeouts": null,
            "vpc_id": "vpc-03ed89f209948e16a"
          },
          "sensitive_attributes": [],
          "private": "eyJlMmJmYjczMC1lY2FhLTExZTYtOGY4OC0zNDM2M2JjN2M0YzAiOnsiY3JlYXRlIjoxMjAwMDAwMDAwMDAwLCJkZWxldGUiOjEyMDAwMDAwMDAwMDAsInVwZGF0ZSI6MTIwMDAwMDAwMDAwMH19",
          "dependencies": [
            "aws_vpc.main"
          ]
        }
      ]
    },
    {
      "mode": "managed",
      "type": "aws_route_table",
      "name": "main",
      "provider": "provider[\"registry.terraform.io/hashicorp/aws\"]",
      "instances": [
        {
          "schema_version": 0,
          "attributes": {
            "arn": "arn:aws:ec2:us-east-1:053678525731:route-table/rtb-044104997d1675b50",
            "id": "rtb-044104997d1675b50",
            "owner_id": "053678525731",
            "propagating_vgws": [],
            "route": [
              {
                "carrier_gateway_id": "",
                "cidr_block": "0.0.0.0/0",
                "core_network_arn": "",
                "destination_prefix_list_id": "",
                "egress_only_gateway_id": "",
                "gateway_id": "igw-04af5cdc1bf3f644c",
                "ipv6_cidr_block": "",
                "local_gateway_id": "",
                "nat_gateway_id": "",
                "network_interface_id": "",
                "transit_gateway_id": "",
                "vpc_endpoint_id": "",
                "vpc_peering_connection_id": ""
              }
            ],
            "tags": {
              "Name": "issue_tracker_rt"
            },
            "tags_all": {
              "Name": "issue_tracker_rt"
            },
            "timeouts": null,
            "vpc_id": "vpc-03ed89f209948e16a"
          },
          "sensitive_attributes": [],
          "private": "eyJlMmJmYjczMC1lY2FhLTExZTYtOGY4OC0zNDM2M2JjN2M0YzAiOnsiY3JlYXRlIjozMDAwMDAwMDAwMDAsImRlbGV0ZSI6MzAwMDAwMDAwMDAwLCJ1cGRhdGUiOjEyMDAwMDAwMDAwMH19",
          "dependencies": [
            "aws_internet_gateway.main",
            "aws_vpc.main"
          ]
        }
      ]
    },
    {
      "mode": "managed",
      "type": "aws_route_table_association",
      "name": "main",
      "provider": "provider[\"registry.terraform.io/hashicorp/aws\"]",
      "instances": [
        {
          "schema_version": 0,
          "attributes": {
            "gateway_id": "",
            "id": "rtbassoc-028d45deaaec7c2d2",
            "route_table_id": "rtb-044104997d1675b50",
            "subnet_id": "subnet-06d3f0ec07af8a78a",
            "timeouts": null
          },
          "sensitive_attributes": [],
          "private": "eyJlMmJmYjczMC1lY2FhLTExZTYtOGY4OC0zNDM2M2JjN2M0YzAiOnsiY3JlYXRlIjozMDAwMDAwMDAwMDAsImRlbGV0ZSI6MzAwMDAwMDAwMDAwLCJ1cGRhdGUiOjEyMDAwMDAwMDAwMH19",
          "dependencies": [
            "aws_internet_gateway.main",
            "aws_route_table.main",
            "aws_subnet.main",
            "aws_vpc.main"
          ]
        }
      ]
    },
    {
      "mode": "managed",
      "type": "aws_security_group",
      "name": "backend",
      "provider": "provider[\"registry.terraform.io/hashicorp/aws\"]",
      "instances": [
        {
          "schema_version": 1,
          "attributes": {
            "arn": "arn:aws:ec2:us-east-1:053678525731:security-group/sg-009ea9136236b075f",
            "description": "Allow inbound traffic for backend",
            "egress": [
              {
                "cidr_blocks": [
                  "0.0.0.0/0"
                ],
                "description": "",
                "from_port": 0,
                "ipv6_cidr_blocks": [],
                "prefix_list_ids": [],
                "protocol": "-1",
                "security_groups": [],
                "self": false,
                "to_port": 0
              }
            ],
            "id": "sg-009ea9136236b075f",
            "ingress": [
              {
                "cidr_blocks": [
                  "0.0.0.0/0"
                ],
                "description": "",
                "from_port": 3000,
                "ipv6_cidr_blocks": [],
                "prefix_list_ids": [],
                "protocol": "tcp",
                "security_groups": [],
                "self": false,
                "to_port": 3000
              },
              {
                "cidr_blocks": [
                  "112.134.144.32/32"
                ],
                "description": "",
                "from_port": 22,
                "ipv6_cidr_blocks": [],
                "prefix_list_ids": [],
                "protocol": "tcp",
                "security_groups": [],
                "self": false,
                "to_port": 22
              }
            ],
            "name": "issue-tracker-backend-sg",
            "name_prefix": "",
            "owner_id": "053678525731",
            "revoke_rules_on_delete": false,
            "tags": {
              "name": "issue-tracker-backend-sg"
            },
            "tags_all": {
              "name": "issue-tracker-backend-sg"
            },
            "timeouts": null,
            "vpc_id": "vpc-03ed89f209948e16a"
          },
          "sensitive_attributes": [],
          "private": "eyJlMmJmYjczMC1lY2FhLTExZTYtOGY4OC0zNDM2M2JjN2M0YzAiOnsiY3JlYXRlIjo2MDAwMDAwMDAwMDAsImRlbGV0ZSI6OTAwMDAwMDAwMDAwfSwic2NoZW1hX3ZlcnNpb24iOiIxIn0=",
          "dependencies": [
            "aws_vpc.main"
          ]
        }
      ]
    },
    {
      "mode": "managed",
      "type": "aws_subnet",
      "name": "main",
      "provider": "provider[\"registry.terraform.io/hashicorp/aws\"]",
      "instances": [
        {
          "schema_version": 1,
          "attributes": {
            "arn": "arn:aws:ec2:us-east-1:053678525731:subnet/subnet-06d3f0ec07af8a78a",
            "assign_ipv6_address_on_creation": false,
            "availability_zone": "us-east-1b",
            "availability_zone_id": "use1-az6",
            "cidr_block": "10.0.0.0/24",
            "customer_owned_ipv4_pool": "",
            "enable_dns64": false,
            "enable_lni_at_device_index": 0,
            "enable_resource_name_dns_a_record_on_launch": false,
            "enable_resource_name_dns_aaaa_record_on_launch": false,
            "id": "subnet-06d3f0ec07af8a78a",
            "ipv6_cidr_block": "",
            "ipv6_cidr_block_association_id": "",
            "ipv6_native": false,
            "map_customer_owned_ip_on_launch": false,
            "map_public_ip_on_launch": false,
            "outpost_arn": "",
            "owner_id": "053678525731",
            "private_dns_hostname_type_on_launch": "ip-name",
            "tags": {
              "name": "issue_tracker_subnet"
            },
            "tags_all": {
              "name": "issue_tracker_subnet"
            },
            "timeouts": null,
            "vpc_id": "vpc-03ed89f209948e16a"
          },
          "sensitive_attributes": [],
          "private": "eyJlMmJmYjczMC1lY2FhLTExZTYtOGY4OC0zNDM2M2JjN2M0YzAiOnsiY3JlYXRlIjo2MDAwMDAwMDAwMDAsImRlbGV0ZSI6MTIwMDAwMDAwMDAwMH0sInNjaGVtYV92ZXJzaW9uIjoiMSJ9",
          "dependencies": [
            "aws_vpc.main"
          ]
        }
      ]
    },
    {
      "mode": "managed",
      "type": "aws_vpc",
      "name": "main",
      "provider": "provider[\"registry.terraform.io/hashicorp/aws\"]",
      "instances": [
        {
          "schema_version": 1,
          "attributes": {
            "arn": "arn:aws:ec2:us-east-1:053678525731:vpc/vpc-03ed89f209948e16a",
            "assign_generated_ipv6_cidr_block": false,
            "cidr_block": "10.0.0.0/16",
            "default_network_acl_id": "acl-0b585a8cebf6adfa1",
            "default_route_table_id": "rtb-0067f4a252d9e2160",
            "default_security_group_id": "sg-02208a50ad984a34c",
            "dhcp_options_id": "dopt-0c79c3be47546fe0b",
            "enable_dns_hostnames": false,
            "enable_dns_support": true,
            "enable_network_address_usage_metrics": false,
            "id": "vpc-03ed89f209948e16a",
            "instance_tenancy": "default",
            "ipv4_ipam_pool_id": null,
            "ipv4_netmask_length": null,
            "ipv6_association_id": "",
            "ipv6_cidr_block": "",
            "ipv6_cidr_block_network_border_group": "",
            "ipv6_ipam_pool_id": "",
            "ipv6_netmask_length": 0,
            "main_route_table_id": "rtb-0067f4a252d9e2160",
            "owner_id": "053678525731",
            "tags": {
              "name": "issue_tracker_vpc"
            },
            "tags_all": {
              "name": "issue_tracker_vpc"
            }
          },
          "sensitive_attributes": [],
          "private": "eyJzY2hlbWFfdmVyc2lvbiI6IjEifQ=="
        }
      ]
    },
    {
      "mode": "managed",
      "type": "mongodbatlas_project",
      "name": "issue_tracker",
      "provider": "provider[\"registry.terraform.io/mongodb/mongodbatlas\"]",
      "instances": [
        {
          "schema_version": 0,
          "attributes": {
            "cluster_count": 0,
            "created": "2025-10-05T17:13:14Z",
            "id": "68e2a727db95c04cf340aa67",
            "name": "issue-tracker",
            "org_id": "6884a3c39797b6261b1014e3",
            "project_owner_id": null,
            "teams": []
          },
          "sensitive_attributes": [
            [
              {
                "type": "get_attr",
                "value": "org_id"
              }
            ]
          ],
          "private": "bnVsbA=="
        }
      ]
    },
    {
      "mode": "managed",
      "type": "railway_environment",
      "name": "production",
      "provider": "provider[\"registry.terraform.io/terraform-community-providers/railway\"]",
      "instances": []
    },
    {
      "mode": "managed",
      "type": "railway_service",
      "name": "backend",
      "provider": "provider[\"registry.terraform.io/terraform-community-providers/railway\"]",
      "instances": []
    },
    {
      "mode": "managed",
      "type": "railway_service_domain",
      "name": "backend",
      "provider": "provider[\"registry.terraform.io/terraform-community-providers/railway\"]",
      "instances": []
    },
    {
      "mode": "managed",
      "type": "railway_variable",
      "name": "jwt_secret",
      "provider": "provider[\"registry.terraform.io/terraform-community-providers/railway\"]",
      "instances": []
    },
    {
      "mode": "managed",
      "type": "railway_variable",
      "name": "mongodb_url",
      "provider": "provider[\"registry.terraform.io/terraform-community-providers/railway\"]",
      "instances": []
    },
    {
      "mode": "managed",
      "type": "railway_variable",
      "name": "node_env",
      "provider": "provider[\"registry.terraform.io/terraform-community-providers/railway\"]",
      "instances": []
    },
    {
      "mode": "managed",
      "type": "railway_variable",
      "name": "port",
      "provider": "provider[\"registry.terraform.io/terraform-community-providers/railway\"]",
      "instances": []
    },
    {
      "mode": "managed",
      "type": "vercel_deployment",
      "name": "frontend_prod",
      "provider": "provider[\"registry.terraform.io/vercel/vercel\"]",
      "instances": [
        {
          "schema_version": 0,
          "attributes": {
            "delete_on_destroy": null,
            "domains": [
              "issue-tracker-frontend-eight.vercel.app",
              "issue-tracker-frontend-yasindu20s-projects.vercel.app",
              "issue-tracker-frontend-git-main-yasindu20s-projects.vercel.app"
            ],
            "environment": null,
            "files": null,
            "id": "dpl_78Zsp1jGZxXwLJsGFvFHd86snkxx",
            "path_prefix": null,
            "production": true,
            "project_id": "prj_gHiloCgAI4CfCjbKkhCSghOcxwGi",
            "project_settings": null,
            "ref": "main",
            "team_id": null,
            "url": "issue-tracker-frontend-pzuq75a4j-yasindu20s-projects.vercel.app"
          },
          "sensitive_attributes": [],
          "dependencies": [
            "vercel_project.frontend"
          ]
        }
      ]
    },
    {
      "mode": "managed",
      "type": "vercel_project",
      "name": "frontend",
      "provider": "provider[\"registry.terraform.io/vercel/vercel\"]",
      "instances": [
        {
          "schema_version": 0,
          "attributes": {
            "auto_assign_custom_domains": true,
            "automatically_expose_system_environment_variables": false,
            "build_command": null,
            "customer_success_code_visibility": false,
            "dev_command": null,
            "directory_listing": false,
            "enable_affected_projects_deployments": null,
            "environment": null,
            "framework": "create-react-app",
            "function_failover": false,
            "git_comments": null,
            "git_fork_protection": true,
            "git_lfs": false,
            "git_repository": {
              "deploy_hooks": null,
              "production_branch": "main",
              "repo": "Yasindu20/Issue_Tracker",
              "type": "github"
            },
            "id": "prj_gHiloCgAI4CfCjbKkhCSghOcxwGi",
            "ignore_command": null,
            "install_command": null,
            "name": "issue-tracker-frontend",
            "node_version": "22.x",
            "oidc_token_config": {
              "enabled": false,
              "issuer_mode": "global"
            },
            "options_allowlist": null,
            "output_directory": null,
            "password_protection": null,
            "preview_comments": null,
            "prioritise_production_builds": false,
            "protection_bypass_for_automation": null,
            "protection_bypass_for_automation_secret": null,
            "public_source": null,
            "resource_config": {
              "fluid": true,
              "function_default_cpu_type": null,
              "function_default_timeout": null
            },
            "root_directory": "frontend",
            "serverless_function_region": "iad1",
            "skew_protection": null,
            "team_id": null,
            "trusted_ips": null,
            "vercel_authentication": {
              "deployment_type": "standard_protection"
            }
          },
          "sensitive_attributes": []
        }
      ]
    },
    {
      "mode": "managed",
      "type": "vercel_project_environment_variable",
      "name": "api_url",
      "provider": "provider[\"registry.terraform.io/vercel/vercel\"]",
      "instances": []
    }
  ],
  "check_results": null
}
