{
  "version": 4,
  "terraform_version": "1.5.7",
  "serial": 39,
  "lineage": "c5f764b6-5db0-0d43-a8bc-df41d8037f1a",
  "outputs": {
    "backend_url": {
      "value": "https://54.174.186.182:3000",
      "type": "string"
    },
    "ec2_public_ip": {
      "value": "54.174.186.182",
      "type": "string"
    },
    "frontend_url": {
      "value": "issue-tracker-frontend-pzuq75a4j-yasindu20s-projects.vercel.app",
      "type": "string"
    },
    "mongodb_connection_string": {
      "value": "mongodb+srv://issue-tracker-free.ffoquxf.mongodb.net",
      "type": "string",
      "sensitive": true
    }
  },
  "resources": [
    {
      "mode": "managed",
      "type": "aws_instance",
      "name": "backend",
      "provider": "provider[\"registry.terraform.io/hashicorp/aws\"]",
      "instances": [
        {
          "schema_version": 1,
          "attributes": {
            "ami": "ami-03f9680ef0c07a3d1",
            "arn": "arn:aws:ec2:us-east-1:053678525731:instance/i-0e2d84a39c215bb4e",
            "associate_public_ip_address": true,
            "availability_zone": "us-east-1b",
            "capacity_reservation_specification": [
              {
                "capacity_reservation_preference": "open",
                "capacity_reservation_target": []
              }
            ],
            "cpu_core_count": 1,
            "cpu_options": [
              {
                "amd_sev_snp": "",
                "core_count": 1,
                "threads_per_core": 2
              }
            ],
            "cpu_threads_per_core": 2,
            "credit_specification": [
              {
                "cpu_credits": "unlimited"
              }
            ],
            "disable_api_stop": false,
            "disable_api_termination": false,
            "ebs_block_device": [],
            "ebs_optimized": false,
            "enable_primary_ipv6": null,
            "enclave_options": [
              {
                "enabled": false
              }
            ],
            "ephemeral_block_device": [],
            "get_password_data": false,
            "hibernation": false,
            "host_id": "",
            "host_resource_group_arn": null,
            "iam_instance_profile": "",
            "id": "i-0e2d84a39c215bb4e",
            "instance_initiated_shutdown_behavior": "stop",
            "instance_lifecycle": "",
            "instance_market_options": [],
            "instance_state": "running",
            "instance_type": "t3.micro",
            "ipv6_address_count": 0,
            "ipv6_addresses": [],
            "key_name": "issue-tracker-key",
            "launch_template": [],
            "maintenance_options": [
              {
                "auto_recovery": "default"
              }
            ],
            "metadata_options": [
              {
                "http_endpoint": "enabled",
                "http_protocol_ipv6": "disabled",
                "http_put_response_hop_limit": 1,
                "http_tokens": "optional",
                "instance_metadata_tags": "disabled"
              }
            ],
            "monitoring": false,
            "network_interface": [],
            "outpost_arn": "",
            "password_data": "",
            "placement_group": "",
            "placement_partition_number": 0,
            "primary_network_interface_id": "eni-0eca2a5656080fcf1",
            "private_dns": "ip-10-0-0-138.ec2.internal",
            "private_dns_name_options": [
              {
                "enable_resource_name_dns_a_record": false,
                "enable_resource_name_dns_aaaa_record": false,
                "hostname_type": "ip-name"
              }
            ],
            "private_ip": "10.0.0.138",
            "public_dns": "",
            "public_ip": "54.174.186.182",
            "root_block_device": [
              {
                "delete_on_termination": true,
                "device_name": "/dev/xvda",
                "encrypted": false,
                "iops": 100,
                "kms_key_id": "",
                "tags": {},
                "tags_all": {},
                "throughput": 0,
                "volume_id": "vol-04a86b4baf0f569a7",
                "volume_size": 8,
                "volume_type": "gp2"
              }
            ],
            "secondary_private_ips": [],
            "security_groups": [],
            "source_dest_check": true,
            "spot_instance_request_id": "",
            "subnet_id": "subnet-06d3f0ec07af8a78a",
            "tags": {
              "name": "issue-tracker-backend-instance"
            },
            "tags_all": {
              "name": "issue-tracker-backend-instance"
            },
            "tenancy": "default",
            "timeouts": null,
            "user_data": "fa3cb3badefd29edc0675dc1d9e0ca405c86f40f",
            "user_data_base64": null,
            "user_data_replace_on_change": false,
            "volume_tags": null,
            "vpc_security_group_ids": [
              "sg-009ea9136236b075f"
            ]
          },
          "sensitive_attributes": [
            [
              {
                "type": "get_attr",
                "value": "user_data"
              }
            ]
          ],
          "private": "eyJlMmJmYjczMC1lY2FhLTExZTYtOGY4OC0zNDM2M2JjN2M0YzAiOnsiY3JlYXRlIjo2MDAwMDAwMDAwMDAsImRlbGV0ZSI6MTIwMDAwMDAwMDAwMCwicmVhZCI6OTAwMDAwMDAwMDAwLCJ1cGRhdGUiOjYwMDAwMDAwMDAwMH0sInNjaGVtYV92ZXJzaW9uIjoiMSJ9",
          "dependencies": [
            "aws_security_group.backend",
            "aws_subnet.main",
            "aws_vpc.main"
          ]
        }
      ]
    },
    {
      "mode": "managed",
      "type": "aws_internet_gateway",
      "name": "main",
      "provider": "provider[\"registry.terraform.io/hashicorp/aws\"]",
      "instances": [
        {
          "schema_version": 0,
          "attributes": {
            "arn": "arn:aws:ec2:us-east-1:053678525731:internet-gateway/igw-04af5cdc1bf3f644c",
            "id": "igw-04af5cdc1bf3f644c",
            "owner_id": "053678525731",
            "tags": {
              "Name": "issue_tracker_igw"
            },
            "tags_all": {
              "Name": "issue_tracker_igw"
            },
            "timeouts": null,
            "vpc_id": "vpc-03ed89f209948e16a"
          },
          "sensitive_attributes": [],
          "private": "eyJlMmJmYjczMC1lY2FhLTExZTYtOGY4OC0zNDM2M2JjN2M0YzAiOnsiY3JlYXRlIjoxMjAwMDAwMDAwMDAwLCJkZWxldGUiOjEyMDAwMDAwMDAwMDAsInVwZGF0ZSI6MTIwMDAwMDAwMDAwMH19",
          "dependencies": [
            "aws_vpc.main"
          ]
        }
      ]
    },
    {
      "mode": "managed",
      "type": "aws_route_table",
      "name": "main",
      "provider": "provider[\"registry.terraform.io/hashicorp/aws\"]",
      "instances": [
        {
          "schema_version": 0,
          "attributes": {
            "arn": "arn:aws:ec2:us-east-1:053678525731:route-table/rtb-044104997d1675b50",
            "id": "rtb-044104997d1675b50",
            "owner_id": "053678525731",
            "propagating_vgws": [],
            "route": [
              {
                "carrier_gateway_id": "",
                "cidr_block": "0.0.0.0/0",
                "core_network_arn": "",
                "destination_prefix_list_id": "",
                "egress_only_gateway_id": "",
                "gateway_id": "igw-04af5cdc1bf3f644c",
                "ipv6_cidr_block": "",
                "local_gateway_id": "",
                "nat_gateway_id": "",
                "network_interface_id": "",
                "transit_gateway_id": "",
                "vpc_endpoint_id": "",
                "vpc_peering_connection_id": ""
              }
            ],
            "tags": {
              "Name": "issue_tracker_rt"
            },
            "tags_all": {
              "Name": "issue_tracker_rt"
            },
            "timeouts": null,
            "vpc_id": "vpc-03ed89f209948e16a"
          },
          "sensitive_attributes": [],
          "private": "eyJlMmJmYjczMC1lY2FhLTExZTYtOGY4OC0zNDM2M2JjN2M0YzAiOnsiY3JlYXRlIjozMDAwMDAwMDAwMDAsImRlbGV0ZSI6MzAwMDAwMDAwMDAwLCJ1cGRhdGUiOjEyMDAwMDAwMDAwMH19",
          "dependencies": [
            "aws_internet_gateway.main",
            "aws_vpc.main"
          ]
        }
      ]
    },
    {
      "mode": "managed",
      "type": "aws_route_table_association",
      "name": "main",
      "provider": "provider[\"registry.terraform.io/hashicorp/aws\"]",
      "instances": [
        {
          "schema_version": 0,
          "attributes": {
            "gateway_id": "",
            "id": "rtbassoc-028d45deaaec7c2d2",
            "route_table_id": "rtb-044104997d1675b50",
            "subnet_id": "subnet-06d3f0ec07af8a78a",
            "timeouts": null
          },
          "sensitive_attributes": [],
          "private": "eyJlMmJmYjczMC1lY2FhLTExZTYtOGY4OC0zNDM2M2JjN2M0YzAiOnsiY3JlYXRlIjozMDAwMDAwMDAwMDAsImRlbGV0ZSI6MzAwMDAwMDAwMDAwLCJ1cGRhdGUiOjEyMDAwMDAwMDAwMH19",
          "dependencies": [
            "aws_internet_gateway.main",
            "aws_route_table.main",
            "aws_subnet.main",
            "aws_vpc.main"
          ]
        }
      ]
    },
    {
      "mode": "managed",
      "type": "aws_security_group",
      "name": "backend",
      "provider": "provider[\"registry.terraform.io/hashicorp/aws\"]",
      "instances": [
        {
          "schema_version": 1,
          "attributes": {
            "arn": "arn:aws:ec2:us-east-1:053678525731:security-group/sg-009ea9136236b075f",
            "description": "Allow inbound traffic for backend",
            "egress": [
              {
                "cidr_blocks": [
                  "0.0.0.0/0"
                ],
                "description": "",
                "from_port": 0,
                "ipv6_cidr_blocks": [],
                "prefix_list_ids": [],
                "protocol": "-1",
                "security_groups": [],
                "self": false,
                "to_port": 0
              }
            ],
            "id": "sg-009ea9136236b075f",
            "ingress": [
              {
                "cidr_blocks": [
                  "0.0.0.0/0"
                ],
                "description": "",
                "from_port": 22,
                "ipv6_cidr_blocks": [],
                "prefix_list_ids": [],
                "protocol": "tcp",
                "security_groups": [],
                "self": false,
                "to_port": 22
              },
              {
                "cidr_blocks": [
                  "0.0.0.0/0"
                ],
                "description": "",
                "from_port": 5000,
                "ipv6_cidr_blocks": [],
                "prefix_list_ids": [],
                "protocol": "tcp",
                "security_groups": [],
                "self": false,
                "to_port": 5000
              }
            ],
            "name": "issue-tracker-backend-sg",
            "name_prefix": "",
            "owner_id": "053678525731",
            "revoke_rules_on_delete": false,
            "tags": {
              "name": "issue-tracker-backend-sg"
            },
            "tags_all": {
              "name": "issue-tracker-backend-sg"
            },
            "timeouts": null,
            "vpc_id": "vpc-03ed89f209948e16a"
          },
          "sensitive_attributes": [],
          "private": "eyJlMmJmYjczMC1lY2FhLTExZTYtOGY4OC0zNDM2M2JjN2M0YzAiOnsiY3JlYXRlIjo2MDAwMDAwMDAwMDAsImRlbGV0ZSI6OTAwMDAwMDAwMDAwfSwic2NoZW1hX3ZlcnNpb24iOiIxIn0=",
          "dependencies": [
            "aws_vpc.main"
          ]
        }
      ]
    },
    {
      "mode": "managed",
      "type": "aws_subnet",
      "name": "main",
      "provider": "provider[\"registry.terraform.io/hashicorp/aws\"]",
      "instances": [
        {
          "schema_version": 1,
          "attributes": {
            "arn": "arn:aws:ec2:us-east-1:053678525731:subnet/subnet-06d3f0ec07af8a78a",
            "assign_ipv6_address_on_creation": false,
            "availability_zone": "us-east-1b",
            "availability_zone_id": "use1-az6",
            "cidr_block": "10.0.0.0/24",
            "customer_owned_ipv4_pool": "",
            "enable_dns64": false,
            "enable_lni_at_device_index": 0,
            "enable_resource_name_dns_a_record_on_launch": false,
            "enable_resource_name_dns_aaaa_record_on_launch": false,
            "id": "subnet-06d3f0ec07af8a78a",
            "ipv6_cidr_block": "",
            "ipv6_cidr_block_association_id": "",
            "ipv6_native": false,
            "map_customer_owned_ip_on_launch": false,
            "map_public_ip_on_launch": false,
            "outpost_arn": "",
            "owner_id": "053678525731",
            "private_dns_hostname_type_on_launch": "ip-name",
            "tags": {
              "name": "issue_tracker_subnet"
            },
            "tags_all": {
              "name": "issue_tracker_subnet"
            },
            "timeouts": null,
            "vpc_id": "vpc-03ed89f209948e16a"
          },
          "sensitive_attributes": [],
          "private": "eyJlMmJmYjczMC1lY2FhLTExZTYtOGY4OC0zNDM2M2JjN2M0YzAiOnsiY3JlYXRlIjo2MDAwMDAwMDAwMDAsImRlbGV0ZSI6MTIwMDAwMDAwMDAwMH0sInNjaGVtYV92ZXJzaW9uIjoiMSJ9",
          "dependencies": [
            "aws_vpc.main"
          ]
        }
      ]
    },
    {
      "mode": "managed",
      "type": "aws_vpc",
      "name": "main",
      "provider": "provider[\"registry.terraform.io/hashicorp/aws\"]",
      "instances": [
        {
          "schema_version": 1,
          "attributes": {
            "arn": "arn:aws:ec2:us-east-1:053678525731:vpc/vpc-03ed89f209948e16a",
            "assign_generated_ipv6_cidr_block": false,
            "cidr_block": "10.0.0.0/16",
            "default_network_acl_id": "acl-0b585a8cebf6adfa1",
            "default_route_table_id": "rtb-0067f4a252d9e2160",
            "default_security_group_id": "sg-02208a50ad984a34c",
            "dhcp_options_id": "dopt-0c79c3be47546fe0b",
            "enable_dns_hostnames": false,
            "enable_dns_support": true,
            "enable_network_address_usage_metrics": false,
            "id": "vpc-03ed89f209948e16a",
            "instance_tenancy": "default",
            "ipv4_ipam_pool_id": null,
            "ipv4_netmask_length": null,
            "ipv6_association_id": "",
            "ipv6_cidr_block": "",
            "ipv6_cidr_block_network_border_group": "",
            "ipv6_ipam_pool_id": "",
            "ipv6_netmask_length": 0,
            "main_route_table_id": "rtb-0067f4a252d9e2160",
            "owner_id": "053678525731",
            "tags": {
              "name": "issue_tracker_vpc"
            },
            "tags_all": {
              "name": "issue_tracker_vpc"
            }
          },
          "sensitive_attributes": [],
          "private": "eyJzY2hlbWFfdmVyc2lvbiI6IjEifQ=="
        }
      ]
    },
    {
      "mode": "managed",
      "type": "mongodbatlas_cluster",
      "name": "free_cluster",
      "provider": "provider[\"registry.terraform.io/mongodb/mongodbatlas\"]",
      "instances": [
        {
          "schema_version": 1,
          "attributes": {
            "advanced_configuration": [
              {
                "default_read_concern": "",
                "default_write_concern": "",
                "fail_index_key_too_long": false,
                "javascript_enabled": true,
                "minimum_enabled_tls_protocol": "TLS1_2",
                "no_table_scan": false,
                "oplog_size_mb": 0,
                "sample_refresh_interval_bi_connector": 0,
                "sample_size_bi_connector": 0
              }
            ],
            "auto_scaling_compute_enabled": false,
            "auto_scaling_compute_scale_down_enabled": false,
            "auto_scaling_disk_gb_enabled": false,
            "backing_provider_name": "AWS",
            "backup_enabled": false,
            "bi_connector": null,
            "bi_connector_config": [
              {
                "enabled": false,
                "read_preference": "secondary"
              }
            ],
            "cloud_backup": false,
            "cluster_id": "68e2abdae2377a0297ff02ce",
            "cluster_type": "REPLICASET",
            "connection_strings": [
              {
                "aws_private_link": {},
                "aws_private_link_srv": {},
                "private": "",
                "private_endpoint": [],
                "private_srv": "",
                "standard": "mongodb://ac-a7lyfgg-shard-00-00.ffoquxf.mongodb.net:27017,ac-a7lyfgg-shard-00-01.ffoquxf.mongodb.net:27017,ac-a7lyfgg-shard-00-02.ffoquxf.mongodb.net:27017/?ssl=true\u0026authSource=admin\u0026replicaSet=atlas-qh4n6x-shard-0",
                "standard_srv": "mongodb+srv://issue-tracker-free.ffoquxf.mongodb.net"
              }
            ],
            "container_id": null,
            "disk_size_gb": 0.5,
            "encryption_at_rest_provider": "NONE",
            "id": "Y2x1c3Rlcl9pZA==:NjhlMmFiZGFlMjM3N2EwMjk3ZmYwMmNl-Y2x1c3Rlcl9uYW1l:aXNzdWUtdHJhY2tlci1mcmVl-cHJvamVjdF9pZA==:NjhlMmE3MjdkYjk1YzA0Y2YzNDBhYTY3-cHJvdmlkZXJfbmFtZQ==:VEVOQU5U",
            "labels": [],
            "mongo_db_major_version": "8.0",
            "mongo_db_version": "8.0.16",
            "mongo_uri": "mongodb://ac-a7lyfgg-shard-00-00.ffoquxf.mongodb.net:27017,ac-a7lyfgg-shard-00-01.ffoquxf.mongodb.net:27017,ac-a7lyfgg-shard-00-02.ffoquxf.mongodb.net:27017",
            "mongo_uri_updated": "2025-10-05T17:33:32Z",
            "mongo_uri_with_options": "mongodb://ac-a7lyfgg-shard-00-00.ffoquxf.mongodb.net:27017,ac-a7lyfgg-shard-00-01.ffoquxf.mongodb.net:27017,ac-a7lyfgg-shard-00-02.ffoquxf.mongodb.net:27017/?ssl=true\u0026authSource=admin\u0026replicaSet=atlas-qh4n6x-shard-0",
            "name": "issue-tracker-free",
            "num_shards": 1,
            "paused": false,
            "pit_enabled": false,
            "project_id": "68e2a727db95c04cf340aa67",
            "provider_auto_scaling_compute_max_instance_size": "",
            "provider_auto_scaling_compute_min_instance_size": "",
            "provider_backup_enabled": false,
            "provider_disk_iops": null,
            "provider_disk_type_name": "",
            "provider_encrypt_ebs_volume": null,
            "provider_encrypt_ebs_volume_flag": null,
            "provider_instance_size_name": "M0",
            "provider_name": "TENANT",
            "provider_region_name": "US_EAST_1",
            "provider_volume_type": "",
            "replication_factor": 3,
            "replication_specs": [
              {
                "id": "68e2abd9e2377a0297ff0280",
                "num_shards": 1,
                "regions_config": [
                  {
                    "analytics_nodes": 0,
                    "electable_nodes": 3,
                    "priority": 7,
                    "read_only_nodes": 0,
                    "region_name": "US_EAST_1"
                  }
                ],
                "zone_name": "Zone 1"
              }
            ],
            "snapshot_backup_policy": [],
            "srv_address": "mongodb+srv://issue-tracker-free.ffoquxf.mongodb.net",
            "state_name": "IDLE"
          },
          "sensitive_attributes": [],
          "private": "eyJzY2hlbWFfdmVyc2lvbiI6IjEifQ==",
          "dependencies": [
            "mongodbatlas_project.issue_tracker"
          ]
        }
      ]
    },
    {
      "mode": "managed",
      "type": "mongodbatlas_project",
      "name": "issue_tracker",
      "provider": "provider[\"registry.terraform.io/mongodb/mongodbatlas\"]",
      "instances": [
        {
          "schema_version": 0,
          "attributes": {
            "cluster_count": 1,
            "created": "2025-10-05T17:13:14Z",
            "id": "68e2a727db95c04cf340aa67",
            "name": "issue-tracker",
            "org_id": "6884a3c39797b6261b1014e3",
            "project_owner_id": null,
            "teams": []
          },
          "sensitive_attributes": [
            [
              {
                "type": "get_attr",
                "value": "org_id"
              }
            ]
          ],
          "private": "bnVsbA=="
        }
      ]
    },
    {
      "mode": "managed",
      "type": "mongodbatlas_project_ip_access_list",
      "name": "backend_access",
      "provider": "provider[\"registry.terraform.io/mongodb/mongodbatlas\"]",
      "instances": [
        {
          "schema_version": 0,
          "attributes": {
            "aws_security_group": "",
            "cidr_block": "54.174.186.182/32",
            "comment": "Allow access from Backend EC2",
            "id": "ZW50cnk=:NTQuMTc0LjE4Ni4xODI=-cHJvamVjdF9pZA==:NjhlMmE3MjdkYjk1YzA0Y2YzNDBhYTY3",
            "ip_address": "54.174.186.182",
            "project_id": "68e2a727db95c04cf340aa67",
            "timeouts": null
          },
          "sensitive_attributes": [],
          "private": "eyJlMmJmYjczMC1lY2FhLTExZTYtOGY4OC0zNDM2M2JjN2M0YzAiOnsiZGVsZXRlIjoyNzAwMDAwMDAwMDAwLCJyZWFkIjoyNzAwMDAwMDAwMDAwfX0=",
          "dependencies": [
            "aws_instance.backend",
            "mongodbatlas_project.issue_tracker"
          ]
        }
      ]
    },
    {
      "mode": "managed",
      "type": "vercel_deployment",
      "name": "frontend_prod",
      "provider": "provider[\"registry.terraform.io/vercel/vercel\"]",
      "instances": [
        {
          "schema_version": 0,
          "attributes": {
            "delete_on_destroy": null,
            "domains": [
              "issue-tracker-frontend-eight.vercel.app",
              "issue-tracker-frontend-yasindu20s-projects.vercel.app",
              "issue-tracker-frontend-git-main-yasindu20s-projects.vercel.app"
            ],
            "environment": null,
            "files": null,
            "id": "dpl_78Zsp1jGZxXwLJsGFvFHd86snkxx",
            "path_prefix": null,
            "production": true,
            "project_id": "prj_gHiloCgAI4CfCjbKkhCSghOcxwGi",
            "project_settings": null,
            "ref": "main",
            "team_id": null,
            "url": "issue-tracker-frontend-pzuq75a4j-yasindu20s-projects.vercel.app"
          },
          "sensitive_attributes": [],
          "dependencies": [
            "vercel_project.frontend"
          ]
        }
      ]
    },
    {
      "mode": "managed",
      "type": "vercel_project",
      "name": "frontend",
      "provider": "provider[\"registry.terraform.io/vercel/vercel\"]",
      "instances": [
        {
          "schema_version": 0,
          "attributes": {
            "auto_assign_custom_domains": true,
            "automatically_expose_system_environment_variables": false,
            "build_command": null,
            "customer_success_code_visibility": false,
            "dev_command": null,
            "directory_listing": false,
            "enable_affected_projects_deployments": null,
            "environment": null,
            "framework": "create-react-app",
            "function_failover": false,
            "git_comments": null,
            "git_fork_protection": true,
            "git_lfs": false,
            "git_repository": {
              "deploy_hooks": null,
              "production_branch": "main",
              "repo": "Yasindu20/Issue_Tracker",
              "type": "github"
            },
            "id": "prj_gHiloCgAI4CfCjbKkhCSghOcxwGi",
            "ignore_command": null,
            "install_command": null,
            "name": "issue-tracker-frontend",
            "node_version": "22.x",
            "oidc_token_config": {
              "enabled": false,
              "issuer_mode": "global"
            },
            "options_allowlist": null,
            "output_directory": null,
            "password_protection": null,
            "preview_comments": null,
            "prioritise_production_builds": false,
            "protection_bypass_for_automation": null,
            "protection_bypass_for_automation_secret": null,
            "public_source": null,
            "resource_config": {
              "fluid": true,
              "function_default_cpu_type": null,
              "function_default_timeout": null
            },
            "root_directory": "frontend",
            "serverless_function_region": "iad1",
            "skew_protection": null,
            "team_id": null,
            "trusted_ips": null,
            "vercel_authentication": {
              "deployment_type": "standard_protection"
            }
          },
          "sensitive_attributes": []
        }
      ]
    },
    {
      "mode": "managed",
      "type": "vercel_project_environment_variable",
      "name": "api_url",
      "provider": "provider[\"registry.terraform.io/vercel/vercel\"]",
      "instances": [
        {
          "schema_version": 0,
          "attributes": {
            "comment": "",
            "custom_environment_ids": [],
            "git_branch": null,
            "id": "rr1uMPP5XTVbf7Up",
            "key": "REACT_APP_API_URL",
            "project_id": "prj_gHiloCgAI4CfCjbKkhCSghOcxwGi",
            "sensitive": false,
            "target": [
              "production"
            ],
            "team_id": null,
            "value": "http://54.174.186.182:5000/api"
          },
          "sensitive_attributes": [],
          "dependencies": [
            "aws_instance.backend",
            "aws_security_group.backend",
            "aws_subnet.main",
            "aws_vpc.main",
            "vercel_project.frontend"
          ]
        }
      ]
    }
  ],
  "check_results": null
}
